# This file is automatically @generated by Poetry 1.8.3 and should not be changed by hand.

[[package]]
name = "json-repair"
version = "0.29.7"
description = "A package to repair broken json strings"
optional = false
python-versions = ">=3.8"
files = [
    {file = "json_repair-0.29.7-py3-none-any.whl", hash = "sha256:efbc4d541001bda23012a68902d38f28ce1db4981ccb6f9e7371e264f10196c8"},
    {file = "json_repair-0.29.7.tar.gz", hash = "sha256:d43c3aae2dd743e0ea55a865b8a507b3bd6d5bf54d97701dc56d71b49e45b41a"},
]

[metadata]
lock-version = "2.0"
python-versions = "^3.12"
content-hash = "2f18ab0d7bc81ac69b34bfbfeaf7cb7a0c73bbe7f9fd0c4b666b106be77adf2f"
